
Microsoft Visual Studio Solution File, Format Version 11.00
# Visual Studio 2010
Project("{FAE04EC0-301F-11D3-BF4B-00C04F79EFBC}") = "TickerDataReceiver", "TickerDataReceiver.csproj", "{CDA656E0-5F2F-47AA-BCC2-94FCC3BCBC83}"
EndProject
Global
	GlobalSection(SolutionConfigurationPlatforms) = preSolution
		Debug|Any CPU = Debug|Any CPU
		Release|Any CPU = Release|Any CPU
	EndGlobalSection
	GlobalSection(ProjectConfigurationPlatforms) = postSolution
		{CDA656E0-5F2F-47AA-BCC2-94FCC3BCBC83}.Debug|Any CPU.ActiveCfg = Debug|Any CPU
		{CDA656E0-5F2F-47AA-BCC2-94FCC3BCBC83}.Debug|Any CPU.Build.0 = Debug|Any CPU
		{CDA656E0-5F2F-47AA-BCC2-94FCC3BCBC83}.Debug|Any CPU.Deploy.0 = Debug|Any CPU
		{CDA656E0-5F2F-47AA-BCC2-94FCC3BCBC83}.Release|Any CPU.ActiveCfg = Release|Any CPU
		{CDA656E0-5F2F-47AA-BCC2-94FCC3BCBC83}.Release|Any CPU.Build.0 = Release|Any CPU
		{CDA656E0-5F2F-47AA-BCC2-94FCC3BCBC83}.Release|Any CPU.Deploy.0 = Release|Any CPU
	EndGlobalSection
	GlobalSection(SolutionProperties) = preSolution
		HideSolutionNode = FALSE
	EndGlobalSection
EndGlobal
